version = 1
revision = 3
requires-python = ">=3.8"
resolution-markers = [
    "python_full_version >= '3.15'",
    "python_full_version >= '3.10' and python_full_version < '3.15'",
    "python_full_version == '3.9.*'",
    "python_full_version < '3.9'",
]

[options]
exclude-newer = "0001-01-01T00:00:00Z" # This has no effect and is included for backwards compatibility when using relative exclude-newer values.
exclude-newer-span = "P7D"

[options.exclude-newer-package]
ruff = false

[[package]]
name = "ruff"
version = "0.16.6"
source = { registry = "https://pypi.org/simple" }
sdist = { url = "https://files.pythonhosted.org/packages/a4/7c/6adb35d70e7c027e308274557901c7e00fb3407750faf3620c184ae058cb/ruff-0.16.6.tar.gz", hash = "sha256:dcf8a73d2ff77e99dde91244b4da16feba7f14e6beeb4015dee7c5a909e99050", size = 4921251, upload-time = "2026-09-03T16:57:29.037Z" }
wheels = [
    { url = "https://files.pythonhosted.org/packages/a4/28/9cc1b79639e284ec103f43c88c644db4eb58cbd0ea1ca11f1193435369ac/ruff-0.16.6-py3-none-linux_armv6l.whl", hash = "sha256:61c368c26bf8e973e5ab14a2772de587bc068ea3f9a277f673380749b4898fb8", size = 10015638, upload-time = "2026-09-03T16:56:40.986Z" },
    { url = "https://files.pythonhosted.org/packages/71/11/627d342ef727ea7794edf74fe23d60a074b02c3acc2e9436684e782286ca/ruff-0.16.6-py3-none-macosx_10_12_x86_64.whl", hash = "sha256:ecf4f068e2e123e43a26e9db4e19524cc56563912404e83bbfca375757e45a32", size = 10220762, upload-time = "2026-09-03T16:56:44.681Z" },
    { url = "https://files.pythonhosted.org/packages/43/d9/b75668ce41e4c8d073d18d6d08672ba6906ce45d5c06ea4fdb2e84ce3853/ruff-0.16.6-py3-none-macosx_11_0_arm64.whl", hash = "sha256:99b62ea33baf130f50368798d841f0d95527b6d817bf31817b65dd058f1d314c", size = 9835082, upload-time = "2026-09-03T16:56:47.142Z" },
    { url = "https://files.pythonhosted.org/packages/99/97/123ab10b05cde889c107c20f5a9774955104b5552796a2a8584b089ae8eb/ruff-0.16.6-py3-none-manylinux_2_17_aarch64.manylinux2014_aarch64.whl", hash = "sha256:7fbf89013f2bb3f6835a6038ff658dc8a1b38c98dc8e724b964168ad4e881876", size = 9949304, upload-time = "2026-09-03T16:56:49.813Z" },
    { url = "https://files.pythonhosted.org/packages/3e/58/a4a2c59dd2e5b85929c912d9cac3056eb9ee8c7e75e9b9fe3e109174966b/ruff-0.16.6-py3-none-manylinux_2_17_armv7l.manylinux2014_armv7l.whl", hash = "sha256:56a67065e22efa6bc4d498299d3bb06c0c90aace8fac2068b5a12f9dc4d8d51d", size = 9840612, upload-time = "2026-09-03T16:56:52.368Z" },
    { url = "https://files.pythonhosted.org/packages/61/6a/ff8c8626a786c4f49d48ced4a752dadbca65f5263005f9c2416578194694/ruff-0.16.6-py3-none-manylinux_2_17_i686.manylinux2014_i686.whl", hash = "sha256:e25cc89174874b176a157e4428d66761c2c0c006654419bf384f967f361ff1b1", size = 10543465, upload-time = "2026-09-03T16:56:55.089Z" },
    { url = "https://files.pythonhosted.org/packages/ad/bb/c47535923365f337b82e28192e4e9eef2176511007cfd99a62fc22df5dad/ruff-0.16.6-py3-none-manylinux_2_17_ppc64le.manylinux2014_ppc64le.whl", hash = "sha256:0700580ed5303723cb3c11c2f1d2a8913ce77b7ea86646dddb887f5417a9ba70", size = 11267576, upload-time = "2026-09-03T16:56:57.791Z" },
    { url = "https://files.pythonhosted.org/packages/ba/50/e5119a5212b5cd63b51e1f4b25e7bd636a6668fc069a3160b108ad7e3c16/ruff-0.16.6-py3-none-manylinux_2_17_s390x.manylinux2014_s390x.whl", hash = "sha256:15f1d0b6e165a6e56567befb6629f8209271311d990bae0f37e6d065035ef5f3", size = 10781993, upload-time = "2026-09-03T16:57:00.666Z" },
    { url = "https://files.pythonhosted.org/packages/8b/98/083d8b4ef3c51a0d19db84367791cbe9f44e4b53343d19dfa83556e1cd9a/ruff-0.16.6-py3-none-manylinux_2_17_x86_64.manylinux2014_x86_64.whl", hash = "sha256:d72c591a96986ee4268860e2b7235082129ca5e4cb9cbba653a4b57c11893757", size = 10317748, upload-time = "2026-09-03T16:57:03.428Z" },
    { url = "https://files.pythonhosted.org/packages/9a/29/68f7ff2c5ad95f19f00627ac2de95644e25fe47371ea60b2db1fd952315e/ruff-0.16.6-py3-none-manylinux_2_31_riscv64.whl", hash = "sha256:65a006baa18f33324325814c864daef03541d51564b98c517610ea756ab7003e", size = 10540096, upload-time = "2026-09-03T16:57:06.182Z" },
    { url = "https://files.pythonhosted.org/packages/c4/f9/79a8f6de85968641d68a7863aeec577551924ef066a990a48ff93167beab/ruff-0.16.6-py3-none-musllinux_1_2_aarch64.whl", hash = "sha256:cd02a7bf1a21a8735228a3e8c95a9dc5cf86bd2a52194f4aaae2a5755b4de0f4", size = 10100494, upload-time = "2026-09-03T16:57:09.194Z" },
    { url = "https://files.pythonhosted.org/packages/d9/e8/b81a22d9b90c00b892ccf2fa2ac36fa95de4c13ab85aea3e73795cfe4651/ruff-0.16.6-py3-none-musllinux_1_2_armv7l.whl", hash = "sha256:31b36f1e5ad85e0737f09d2be4e512e2e283583c14015da3b9dc07359ac0fc88", size = 9843663, upload-time = "2026-09-03T16:57:12.168Z" },
    { url = "https://files.pythonhosted.org/packages/39/aa/54f516ec5e5a11c4afdceb1c454ebb054ffb96e4f4a1705580b4346abd35/ruff-0.16.6-py3-none-musllinux_1_2_i686.whl", hash = "sha256:61029b4ab4aa723fd3064fab96b1d814492596bf0c792679fffcbde1e1679953", size = 10282461, upload-time = "2026-09-03T16:57:15.077Z" },
    { url = "https://files.pythonhosted.org/packages/52/0b/38d0aa8aa32372b96dc44f97b22e576c4147808271aab7b2cb1e353d4445/ruff-0.16.6-py3-none-musllinux_1_2_x86_64.whl", hash = "sha256:9ac8998457832c2061709d900856b7ad271dace0cb41f346588d540162bfa718", size = 10728808, upload-time = "2026-09-03T16:57:17.797Z" },
    { url = "https://files.pythonhosted.org/packages/5e/e5/9e274e24eeb027640ffc7442f21239f16d17f47acec15ae34f32e03a5c79/ruff-0.16.6-py3-none-win32.whl", hash = "sha256:0b87d9d16fcb63e8018423ca1d50b7260f15cb2da33e30db4baad4183a948c25", size = 10049212, upload-time = "2026-09-03T16:57:20.55Z" },
    { url = "https://files.pythonhosted.org/packages/22/31/72472449414223ed1a2da236b992adbb1a2ae59e34794574810f60ce068e/ruff-0.16.6-py3-none-win_amd64.whl", hash = "sha256:10d21c51c3495d8eaea7b703a16592117ea6eb1d649e36335aa965ff1173eb39", size = 10556402, upload-time = "2026-09-03T16:57:23.501Z" },
    { url = "https://files.pythonhosted.org/packages/fc/07/d781f8f8e1ac24bef9f3269cf62ffb1407ca24c3a8f12e5e22874f90528c/ruff-0.16.6-py3-none-win_arm64.whl", hash = "sha256:7a976c79b958f94e50a022a19f0f8c87387448020935ec14fc74331bd0a7f2c5", size = 10412850, upload-time = "2026-09-03T16:57:26.416Z" },
]

[[package]]
name = "ruff-vscode"
version = "2026.78.0"
source = { virtual = "." }
dependencies = [
    { name = "ruff" },
]

[package.dev-dependencies]
dev = [
    { name = "ruff" },
    { name = "ty" },
    { name = "uv" },
]

[package.metadata]
requires-dist = [{ name = "ruff", specifier = "==0.16.6" }]

[package.metadata.requires-dev]
dev = [
    { name = "ruff", specifier = ">=0.16.2" },
    { name = "ty", specifier = ">=0.0.69" },
    { name = "uv", specifier = ">=0.12.3" },
]

[[package]]
name = "ty"
version = "0.0.70"
source = { registry = "https://pypi.org/simple" }
sdist = { url = "https://files.pythonhosted.org/packages/58/ed/38a8ab52f1d7c3ed701442a31b23ba774cbc5d6909f2c00da9e1f3c590f9/ty-0.0.70.tar.gz", hash = "sha256:a01bebc128b4081c16002965d906fccb21323d69bb709b9108c1f2406bcffced", size = 6601156, upload-time = "2026-08-10T23:20:26.268Z" }
wheels = [
    { url = "https://files.pythonhosted.org/packages/3d/c5/ddd6cc5657fd3da85591b264f4dabb1ce5e5b535e73fd5174991c294978b/ty-0.0.70-py3-none-linux_armv6l.whl", hash = "sha256:4fb2d2e55e2160c07152361be2e1a26fdd4f6261055731317d5972daf1749935", size = 12537215, upload-time = "2026-08-10T23:19:43.512Z" },
    { url = "https://files.pythonhosted.org/packages/8b/8a/acc9b34331cde81e0d63cda92d4db9e4042def5b1efa7d47431ff1d30d17/ty-0.0.70-py3-none-macosx_10_12_x86_64.whl", hash = "sha256:9b04d4c21cb029501c05598ca21e9c0829c0b2e35a7ceba1e5b78014c1e8104d", size = 12149070, upload-time = "2026-08-10T23:19:46.369Z" },
    { url = "https://files.pythonhosted.org/packages/fd/cd/51ac2708f4d077058a0bfeefa40d630883c5ec7a82fd2c15c86519140235/ty-0.0.70-py3-none-macosx_11_0_arm64.whl", hash = "sha256:c605ebf2643f5e64ec4bcb269640a1aa85966d29fa888fb746039c28570369b2", size = 11625729, upload-time = "2026-08-10T23:19:48.535Z" },
    { url = "https://files.pythonhosted.org/packages/b7/99/afc4fe7e630100dc782ff0cdc8c59c01acfb05299551ff0ef49c93814320/ty-0.0.70-py3-none-manylinux_2_17_aarch64.manylinux2014_aarch64.whl", hash = "sha256:0c38ea76e12909c29e18fcd295ff223b63f3701c1d1c34db2cdc9736340b9de2", size = 12204810, upload-time = "2026-08-10T23:19:51.845Z" },
    { url = "https://files.pythonhosted.org/packages/ca/38/8cabc3c8ad4c3a02e585ecff12a71ff8e5881f8a00ee71745fd765201da5/ty-0.0.70-py3-none-manylinux_2_17_armv7l.manylinux2014_armv7l.whl", hash = "sha256:c1ee6bf4edaabf7bd0307f0c0f9ddc2204df0390820fe89f6a9de65f07722aba", size = 12308114, upload-time = "2026-08-10T23:19:54.229Z" },
    { url = "https://files.pythonhosted.org/packages/44/7e/bb4e552ecd68bb490bae9368ef323e3d0c79ef85a811857139a2d0f59ddb/ty-0.0.70-py3-none-manylinux_2_17_i686.manylinux2014_i686.whl", hash = "sha256:5eef3e11d7d6b800ef66da0cce8ea24f8be804d1ebf359683426cfe848729bf8", size = 13072240, upload-time = "2026-08-10T23:19:56.872Z" },
    { url = "https://files.pythonhosted.org/packages/f6/c4/1861e1d554e5b6e0d11b3a9f36d40c372253f44a3c4e56ad4bf840f2801e/ty-0.0.70-py3-none-manylinux_2_17_ppc64le.manylinux2014_ppc64le.whl", hash = "sha256:a95e4ae7c2599197c9d89652e49ca344ab224f7d12376e6ad8beb0587e8ff83f", size = 13497678, upload-time = "2026-08-10T23:19:59.191Z" },
    { url = "https://files.pythonhosted.org/packages/77/22/3b22442133e8f641485e59e463a070a31184db0d6456851f871db8f59763/ty-0.0.70-py3-none-manylinux_2_17_s390x.manylinux2014_s390x.whl", hash = "sha256:06aca758d1e0016c0a1f57fe9d8de7a21ff83f692306f747a0d97f32de24e27f", size = 13232510, upload-time = "2026-08-10T23:20:01.456Z" },
    { url = "https://files.pythonhosted.org/packages/84/b8/911f1e6885b5485b6e1d29aaab19ce5e6deeb3e931b6ad82296da4f22051/ty-0.0.70-py3-none-manylinux_2_17_x86_64.manylinux2014_x86_64.whl", hash = "sha256:d81825524f1b57ecbcb5fce7d61fb159cb4837a6167a4569309c9fa7fc15a77d", size = 12817128, upload-time = "2026-08-10T23:20:04.275Z" },
    { url = "https://files.pythonhosted.org/packages/e6/a6/9affc3ca11c32d75b348a66144ab83335fa7fa7100b1581356725e15a668/ty-0.0.70-py3-none-manylinux_2_31_riscv64.whl", hash = "sha256:3287dfb09f7320ef28f114f5f9aae5f697b7b1a6ee37fb2a4a3be94481c1b4f8", size = 13089208, upload-time = "2026-08-10T23:20:06.574Z" },
    { url = "https://files.pythonhosted.org/packages/f0/cb/4776108ea08ec4013b71375b101be9c8a632967cd10f24abbdd4664d66f4/ty-0.0.70-py3-none-musllinux_1_2_aarch64.whl", hash = "sha256:9fb1877f6401cdaac4db46c5bf762f327482ba5f891420ea462ebd15d0de4185", size = 12148890, upload-time = "2026-08-10T23:20:08.827Z" },
    { url = "https://files.pythonhosted.org/packages/c9/d9/814e71f698d9231ef6412bd2c1499d81c6f86f66c2764e952c991e2d6da5/ty-0.0.70-py3-none-musllinux_1_2_armv7l.whl", hash = "sha256:e78f4997dbb0db2d2270210eb3694466206e5b3a11985e24148770e702158a25", size = 12327084, upload-time = "2026-08-10T23:20:11.023Z" },
    { url = "https://files.pythonhosted.org/packages/3b/69/9f34bba534c5d1ace391d300ead4f1971f4348c5459e66dc466cfd60661c/ty-0.0.70-py3-none-musllinux_1_2_i686.whl", hash = "sha256:cf758d3b2dad910c9b1d22d2d62fea894b5bc9acd3c00365e8a73ace6090a452", size = 12604372, upload-time = "2026-08-10T23:20:13.366Z" },
    { url = "https://files.pythonhosted.org/packages/fe/ff/abb34674517b29a8e2489a39c4e01930fcf6aab993a7d6b33aa97f119117/ty-0.0.70-py3-none-musllinux_1_2_x86_64.whl", hash = "sha256:0d338761617279a4fb6a83e7fad7e21126394637b8c45e13e196b2bb675f39b2", size = 12917800, upload-time = "2026-08-10T23:20:15.841Z" },
    { url = "https://files.pythonhosted.org/packages/a4/1a/f8289572f4fad5cb16c883b94638548166bc78cf3eb569f0cd9199eb10a0/ty-0.0.70-py3-none-win32.whl", hash = "sha256:a45642cf09dde91f0a3ce9b9e6fffda9779ff69d73f7347c18acf4fb45007c07", size = 11921482, upload-time = "2026-08-10T23:20:18.244Z" },
    { url = "https://files.pythonhosted.org/packages/17/ae/8739d7618b4670c3ee4f52d641d53be87928bd121d8bda9c0e3450500b75/ty-0.0.70-py3-none-win_amd64.whl", hash = "sha256:33e7941a926cf39b82553911a59a6ed68ec98c3d3d5a415df633f4d1cd051e6c", size = 12986994, upload-time = "2026-08-10T23:20:20.53Z" },
    { url = "https://files.pythonhosted.org/packages/f1/44/2bc3301ba4356ad8866daac9f8cfb3687953e52d076ea204f113b9304c42/ty-0.0.70-py3-none-win_arm64.whl", hash = "sha256:0d380f735d52b1d4b773193f8f5c58c065725eab1ebb0008d38a7b830de14f47", size = 12301082, upload-time = "2026-08-10T23:20:23.816Z" },
]

[[package]]
name = "uv"
version = "0.12.3"
source = { registry = "https://pypi.org/simple" }
sdist = { url = "https://files.pythonhosted.org/packages/3c/fa/19a665278931fca142cf1c21927b18b36cffb5fd137bf5228f937a977f84/uv-0.12.3.tar.gz", hash = "sha256:1eb3fea456aea47489d92e10451c9129b7dd9fd8854c4eb17020ba68489d5d9a", size = 5877698, upload-time = "2026-08-07T16:33:32.486Z" }
wheels = [
    { url = "https://files.pythonhosted.org/packages/0e/b1/eabb1f57339a63630a9b195f8bcdbcca101f4f5cbc5556e6f592d6049d80/uv-0.12.3-py3-none-linux_armv6l.whl", hash = "sha256:0c0561cd369002a5968e138ea477e86507a337b3ede44f441c90d85ed2f54714", size = 21777249, upload-time = "2026-08-07T16:32:18.631Z" },
    { url = "https://files.pythonhosted.org/packages/ed/52/7d23602e140bdd5bb25ffa8bf3943a86688e8cd558a9894dfbb83728e943/uv-0.12.3-py3-none-macosx_10_12_x86_64.whl", hash = "sha256:0550669163cc67d5a7dc8e1702bc011e4a075a4ae52ad50891be654fc6635e0d", size = 20081726, upload-time = "2026-08-07T16:32:23.182Z" },
    { url = "https://files.pythonhosted.org/packages/e4/66/ba257c91d69921d773f523c9e4c3ffb04e233694c415517f5ef797403a4f/uv-0.12.3-py3-none-macosx_11_0_arm64.whl", hash = "sha256:7c99f2524fe4b11d74dec85cef9b4d8b725d142dec04cd237f1c06fbdae1ee54", size = 18426262, upload-time = "2026-08-07T16:32:27.55Z" },
    { url = "https://files.pythonhosted.org/packages/c4/e4/7e93226f4f33c3cc25dc942056f46be9c48e846338f8644a700123726dc8/uv-0.12.3-py3-none-manylinux_2_17_aarch64.manylinux2014_aarch64.musllinux_1_1_aarch64.whl", hash = "sha256:ac21bea426ddf95fa76d8dc1f67350faed7b4a81951825cf2aaef99fc4144815", size = 21156889, upload-time = "2026-08-07T16:32:31.447Z" },
    { url = "https://files.pythonhosted.org/packages/bd/b7/2504476931b7102cc6bfec5289efefe1279fe03964cb8ad7113691372605/uv-0.12.3-py3-none-manylinux_2_17_armv7l.manylinux2014_armv7l.musllinux_1_1_armv7l.whl", hash = "sha256:1e569258e17a536c1bd90a68935dc8250b0ecc81ba80efd814ed169c33de0f93", size = 21319192, upload-time = "2026-08-07T16:32:35.638Z" },
    { url = "https://files.pythonhosted.org/packages/e3/83/e9a93bf4d737bf00d7fa4e2a82ed0ed23bc30d44262127f5f8b9a4dd9150/uv-0.12.3-py3-none-manylinux_2_17_armv7l.manylinux2014_armv7l.whl", hash = "sha256:6c8e5a2d2ce4ea511293f919357c427dab0f12104ebfdd6602727f5c38958c22", size = 21334826, upload-time = "2026-08-07T16:32:40.034Z" },
    { url = "https://files.pythonhosted.org/packages/5a/ef/19215f66a02451ca2698062e98690d5f2a7e65574104ba04c188c4b59c70/uv-0.12.3-py3-none-manylinux_2_17_i686.manylinux2014_i686.whl", hash = "sha256:115e96e176fa3525ffb999572ec6041b915f15189403613ccefcc1f128f0ea0c", size = 22014926, upload-time = "2026-08-07T16:32:44.159Z" },
    { url = "https://files.pythonhosted.org/packages/7c/a3/38526a97a5d376c59955025e54740ae35a4c7d8d80c6dfbee13fae588964/uv-0.12.3-py3-none-manylinux_2_17_ppc64le.manylinux2014_ppc64le.whl", hash = "sha256:913dc068e906f459df892cac789e6e9e10ac9d6af0bbb3c36fcc09347b0c986c", size = 23248637, upload-time = "2026-08-07T16:32:48.342Z" },
    { url = "https://files.pythonhosted.org/packages/38/63/a7a98d075383669b6a3ff4ca410cb9c18b6d0921df1c524bd0859a8474fe/uv-0.12.3-py3-none-manylinux_2_17_s390x.manylinux2014_s390x.whl", hash = "sha256:77fa7f501baa7c4d097b0c424914d7924db8e54f882c4f40056228ecf56feb98", size = 22929428, upload-time = "2026-08-07T16:32:52.452Z" },
    { url = "https://files.pythonhosted.org/packages/8d/c4/97fdd4fca11d06633bb500849f70e4e6b201bcba3833894732e709be2d60/uv-0.12.3-py3-none-manylinux_2_17_x86_64.manylinux2014_x86_64.whl", hash = "sha256:1482d1462b1aecd18ee33627363fe1c63d6a194f12d40d37efc446d9e0d800a1", size = 22346263, upload-time = "2026-08-07T16:32:56.563Z" },
    { url = "https://files.pythonhosted.org/packages/c4/46/ab0906c8c3b6eeaf2412ab5af6077a38930db90e2c99c1b82e066f240a81/uv-0.12.3-py3-none-manylinux_2_28_aarch64.whl", hash = "sha256:248b6b282f96f98d79dddecd1b2acd1893efd84667321f26703feffff6433211", size = 21288225, upload-time = "2026-08-07T16:33:00.578Z" },
    { url = "https://files.pythonhosted.org/packages/2e/0f/f40530b0b336212fff1bc50887d263a9f03d8859e6c1c5210e11d104df10/uv-0.12.3-py3-none-manylinux_2_31_riscv64.musllinux_1_1_riscv64.whl", hash = "sha256:9201c7a1edadb07f64b695f17eac9db2d264eeb4b888c195aa11e7908d0ebf41", size = 21981757, upload-time = "2026-08-07T16:33:05.101Z" },
    { url = "https://files.pythonhosted.org/packages/0a/cf/240a3bebd15be490f867e155aa59522889d8d6310985421902f87d1fad99/uv-0.12.3-py3-none-manylinux_2_31_riscv64.whl", hash = "sha256:6114afd294411995a761c4cde0b721d550ff6d2fc2312046e8403eca6adacda5", size = 22117547, upload-time = "2026-08-07T16:33:09.124Z" },
    { url = "https://files.pythonhosted.org/packages/2f/da/fb143759f86b260f20634e11a27b9312eb6ff9c43c6756102e82875cd82d/uv-0.12.3-py3-none-musllinux_1_1_i686.whl", hash = "sha256:ba034f32abf966a101cf2434455faaf8d54dfacfff0d4b4c70d673f36e985728", size = 21255639, upload-time = "2026-08-07T16:33:13.38Z" },
    { url = "https://files.pythonhosted.org/packages/91/40/c1e0b626919792bf66847429d0c0bbf580a5f148a37268c10d9132f4871a/uv-0.12.3-py3-none-musllinux_1_1_x86_64.whl", hash = "sha256:13535c7d40faa7821c3763f5b6c605eef8556ea16277dc1a07a21203fd3c19e4", size = 22560342, upload-time = "2026-08-07T16:33:17.484Z" },
    { url = "https://files.pythonhosted.org/packages/fa/bf/246d088b4baf0239c8a06afa0ce155ce460942d08a9ac505fac5d0f99fe1/uv-0.12.3-py3-none-win32.whl", hash = "sha256:67b639a56dd36193b55a3bcea10f9dffcab37ed3c1eb26e964e52896df0bb205", size = 19420018, upload-time = "2026-08-07T16:33:21.544Z" },
    { url = "https://files.pythonhosted.org/packages/59/ed/3f816f972357578f1a21afdff8af9c93e87416afd0e150fc60be7eb280ab/uv-0.12.3-py3-none-win_amd64.whl", hash = "sha256:aeafd6e02b9a8d8beb447040bfc57ab172bdf244208f7147b4f7bbc327135797", size = 20215028, upload-time = "2026-08-07T16:33:25.751Z" },
    { url = "https://files.pythonhosted.org/packages/ff/63/0b08bf418b4d00e911465ad24a5f09040cc51247c362ffe56f859173e99f/uv-0.12.3-py3-none-win_arm64.whl", hash = "sha256:59121ef7217567adf4af41f7d3b04e42abb0c6a11bc87c930b838f9354f9c651", size = 19120228, upload-time = "2026-08-07T16:33:29.609Z" },
]
